
Microsoft Visual Studio Solution File, Format Version 12.00
# Visual Studio Version 17
VisualStudioVersion = 17.4.33110.190
MinimumVisualStudioVersion = 10.0.40219.1
Project("{8BC9CEB8-8B4A-11D0-8D11-00A0C91BC942}") = "Hollow_", "Hollow_.vcxproj", "{2271AE70-4FA1-4B73-824C-BE95F0801514}"
EndProject
Global
	GlobalSection(SolutionConfigurationPlatforms) = preSolution
		Debug|x64 = Debug|x64
		Debug|x86 = Debug|x86
		Release|x64 = Release|x64
		Release|x86 = Release|x86
	EndGlobalSection
	GlobalSection(ProjectConfigurationPlatforms) = postSolution
		{2271AE70-4FA1-4B73-824C-BE95F0801514}.Debug|x64.ActiveCfg = Debug|x64
		{2271AE70-4FA1-4B73-824C-BE95F0801514}.Debug|x64.Build.0 = Debug|x64
		{2271AE70-4FA1-4B73-824C-BE95F0801514}.Debug|x86.ActiveCfg = Debug|Win32
		{2271AE70-4FA1-4B73-824C-BE95F0801514}.Debug|x86.Build.0 = Debug|Win32
		{2271AE70-4FA1-4B73-824C-BE95F0801514}.Release|x64.ActiveCfg = Release|x64
		{2271AE70-4FA1-4B73-824C-BE95F0801514}.Release|x64.Build.0 = Release|x64
		{2271AE70-4FA1-4B73-824C-BE95F0801514}.Release|x86.ActiveCfg = Release|Win32
		{2271AE70-4FA1-4B73-824C-BE95F0801514}.Release|x86.Build.0 = Release|Win32
	EndGlobalSection
	GlobalSection(SolutionProperties) = preSolution
		HideSolutionNode = FALSE
	EndGlobalSection
	GlobalSection(ExtensibilityGlobals) = postSolution
		SolutionGuid = {186A8CDA-8801-4A56-82DB-4D1167563A49}
	EndGlobalSection
EndGlobal
